
Microsoft Visual Studio Solution File, Format Version 12.00
# Visual Studio Version 17
VisualStudioVersion = 17.1.32210.238
MinimumVisualStudioVersion = 10.0.40219.1
Project("{FAE04EC0-301F-11D3-BF4B-00C04F79EFBC}") = "Pronia_BackEnd", "Pronia_BackEnd\Pronia_BackEnd.csproj", "{D724CE48-73EF-4BB2-BF33-168711B2C409}"
EndProject
Global
	GlobalSection(SolutionConfigurationPlatforms) = preSolution
		Debug|Any CPU = Debug|Any CPU
		Release|Any CPU = Release|Any CPU
	EndGlobalSection
	GlobalSection(ProjectConfigurationPlatforms) = postSolution
		{D724CE48-73EF-4BB2-BF33-168711B2C409}.Debug|Any CPU.ActiveCfg = Debug|Any CPU
		{D724CE48-73EF-4BB2-BF33-168711B2C409}.Debug|Any CPU.Build.0 = Debug|Any CPU
		{D724CE48-73EF-4BB2-BF33-168711B2C409}.Release|Any CPU.ActiveCfg = Release|Any CPU
		{D724CE48-73EF-4BB2-BF33-168711B2C409}.Release|Any CPU.Build.0 = Release|Any CPU
	EndGlobalSection
	GlobalSection(SolutionProperties) = preSolution
		HideSolutionNode = FALSE
	EndGlobalSection
	GlobalSection(ExtensibilityGlobals) = postSolution
		SolutionGuid = {70EC14C4-5349-4486-A2E6-214823D5F1BD}
	EndGlobalSection
EndGlobal
